// !$*UTF8*$!
{
	archiveVersion = 1;
	classes = {
	};
	objectVersion = 77;
	objects = {

/* Begin PBXBuildFile section */
		737355D05340C83F583A0D41 /* Pods_AezakmiBluetoothApp.framework in Frameworks */ = {isa = PBXBuildFile; fileRef = 6DA16A6D496ABD9519D9695A /* Pods_AezakmiBluetoothApp.framework */; };
		7778248D2D2DAEB10018E222 /* LottieView.swift in Sources */ = {isa = PBXBuildFile; fileRef = 777824642D2DAEB10018E222 /* LottieView.swift */; };
		7778248E2D2DAEB10018E222 /* DetailView.swift in Sources */ = {isa = PBXBuildFile; fileRef = 777824662D2DAEB10018E222 /* DetailView.swift */; };
		7778248F2D2DAEB10018E222 /* SearchSeans.swift in Sources */ = {isa = PBXBuildFile; fileRef = 777824682D2DAEB10018E222 /* SearchSeans.swift */; };
		777824902D2DAEB10018E222 /* SeanceScreen.swift in Sources */ = {isa = PBXBuildFile; fileRef = 7778246A2D2DAEB10018E222 /* SeanceScreen.swift */; };
		777824912D2DAEB10018E222 /* HistoryView.swift in Sources */ = {isa = PBXBuildFile; fileRef = 7778246C2D2DAEB10018E222 /* HistoryView.swift */; };
		777824922D2DAEB10018E222 /* HistoryViewModel.swift in Sources */ = {isa = PBXBuildFile; fileRef = 7778246E2D2DAEB10018E222 /* HistoryViewModel.swift */; };
		777824932D2DAEB10018E222 /* BluetoothDevice.swift in Sources */ = {isa = PBXBuildFile; fileRef = 777824712D2DAEB10018E222 /* BluetoothDevice.swift */; };
		777824942D2DAEB10018E222 /* MainView.swift in Sources */ = {isa = PBXBuildFile; fileRef = 777824732D2DAEB10018E222 /* MainView.swift */; };
		777824952D2DAEB10018E222 /* MainViewModel.swift in Sources */ = {isa = PBXBuildFile; fileRef = 777824752D2DAEB10018E222 /* MainViewModel.swift */; };
		777824962D2DAEB10018E222 /* SplashView.swift in Sources */ = {isa = PBXBuildFile; fileRef = 777824782D2DAEB10018E222 /* SplashView.swift */; };
		777824972D2DAEB10018E222 /* SearchSeansRealm.swift in Sources */ = {isa = PBXBuildFile; fileRef = 7778247B2D2DAEB10018E222 /* SearchSeansRealm.swift */; };
		777824982D2DAEB10018E222 /* RealmManager.swift in Sources */ = {isa = PBXBuildFile; fileRef = 7778247D2D2DAEB10018E222 /* RealmManager.swift */; };
		777824992D2DAEB10018E222 /* AezakmiBluetoothAppApp.swift in Sources */ = {isa = PBXBuildFile; fileRef = 777824882D2DAEB10018E222 /* AezakmiBluetoothAppApp.swift */; };
		7778249A2D2DAEB10018E222 /* Preview Assets.xcassets in Resources */ = {isa = PBXBuildFile; fileRef = 777824802D2DAEB10018E222 /* Preview Assets.xcassets */; };
		7778249B2D2DAEB10018E222 /* devices.json in Resources */ = {isa = PBXBuildFile; fileRef = 777824822D2DAEB10018E222 /* devices.json */; };
		7778249C2D2DAEB10018E222 /* error.json in Resources */ = {isa = PBXBuildFile; fileRef = 777824832D2DAEB10018E222 /* error.json */; };
		7778249D2D2DAEB10018E222 /* launch.json in Resources */ = {isa = PBXBuildFile; fileRef = 777824842D2DAEB10018E222 /* launch.json */; };
		7778249E2D2DAEB10018E222 /* searching.json in Resources */ = {isa = PBXBuildFile; fileRef = 777824852D2DAEB10018E222 /* searching.json */; };
		7778249F2D2DAEB10018E222 /* success.json in Resources */ = {isa = PBXBuildFile; fileRef = 777824862D2DAEB10018E222 /* success.json */; };
		777824A02D2DAEB10018E222 /* Assets.xcassets in Resources */ = {isa = PBXBuildFile; fileRef = 777824892D2DAEB10018E222 /* Assets.xcassets */; };
/* End PBXBuildFile section */

/* Begin PBXFileReference section */
		1AE46B26FB535448B604BB2A /* Pods-AezakmiBluetoothApp.debug.xcconfig */ = {isa = PBXFileReference; includeInIndex = 1; lastKnownFileType = text.xcconfig; name = "Pods-AezakmiBluetoothApp.debug.xcconfig"; path = "Target Support Files/Pods-AezakmiBluetoothApp/Pods-AezakmiBluetoothApp.debug.xcconfig"; sourceTree = "<group>"; };
		6DA16A6D496ABD9519D9695A /* Pods_AezakmiBluetoothApp.framework */ = {isa = PBXFileReference; explicitFileType = wrapper.framework; includeInIndex = 0; path = Pods_AezakmiBluetoothApp.framework; sourceTree = BUILT_PRODUCTS_DIR; };
		7774C24F2D2BFFD700B61B98 /* AezakmiBluetoothApp.app */ = {isa = PBXFileReference; explicitFileType = wrapper.application; includeInIndex = 0; path = AezakmiBluetoothApp.app; sourceTree = BUILT_PRODUCTS_DIR; };
		777824642D2DAEB10018E222 /* LottieView.swift */ = {isa = PBXFileReference; lastKnownFileType = sourcecode.swift; path = LottieView.swift; sourceTree = "<group>"; };
		777824662D2DAEB10018E222 /* DetailView.swift */ = {isa = PBXFileReference; lastKnownFileType = sourcecode.swift; path = DetailView.swift; sourceTree = "<group>"; };
		777824682D2DAEB10018E222 /* SearchSeans.swift */ = {isa = PBXFileReference; lastKnownFileType = sourcecode.swift; path = SearchSeans.swift; sourceTree = "<group>"; };
		7778246A2D2DAEB10018E222 /* SeanceScreen.swift */ = {isa = PBXFileReference; lastKnownFileType = sourcecode.swift; path = SeanceScreen.swift; sourceTree = "<group>"; };
		7778246C2D2DAEB10018E222 /* HistoryView.swift */ = {isa = PBXFileReference; lastKnownFileType = sourcecode.swift; path = HistoryView.swift; sourceTree = "<group>"; };
		7778246E2D2DAEB10018E222 /* HistoryViewModel.swift */ = {isa = PBXFileReference; lastKnownFileType = sourcecode.swift; path = HistoryViewModel.swift; sourceTree = "<group>"; };
		777824712D2DAEB10018E222 /* BluetoothDevice.swift */ = {isa = PBXFileReference; lastKnownFileType = sourcecode.swift; path = BluetoothDevice.swift; sourceTree = "<group>"; };
		777824732D2DAEB10018E222 /* MainView.swift */ = {isa = PBXFileReference; lastKnownFileType = sourcecode.swift; path = MainView.swift; sourceTree = "<group>"; };
		777824752D2DAEB10018E222 /* MainViewModel.swift */ = {isa = PBXFileReference; lastKnownFileType = sourcecode.swift; path = MainViewModel.swift; sourceTree = "<group>"; };
		777824782D2DAEB10018E222 /* SplashView.swift */ = {isa = PBXFileReference; lastKnownFileType = sourcecode.swift; path = SplashView.swift; sourceTree = "<group>"; };
		7778247B2D2DAEB10018E222 /* SearchSeansRealm.swift */ = {isa = PBXFileReference; lastKnownFileType = sourcecode.swift; path = SearchSeansRealm.swift; sourceTree = "<group>"; };
		7778247D2D2DAEB10018E222 /* RealmManager.swift */ = {isa = PBXFileReference; lastKnownFileType = sourcecode.swift; path = RealmManager.swift; sourceTree = "<group>"; };
		777824802D2DAEB10018E222 /* Preview Assets.xcassets */ = {isa = PBXFileReference; lastKnownFileType = folder.assetcatalog; path = "Preview Assets.xcassets"; sourceTree = "<group>"; };
		777824822D2DAEB10018E222 /* devices.json */ = {isa = PBXFileReference; lastKnownFileType = text.json; path = devices.json; sourceTree = "<group>"; };
		777824832D2DAEB10018E222 /* error.json */ = {isa = PBXFileReference; lastKnownFileType = text.json; path = error.json; sourceTree = "<group>"; };
		777824842D2DAEB10018E222 /* launch.json */ = {isa = PBXFileReference; lastKnownFileType = text.json; path = launch.json; sourceTree = "<group>"; };
		777824852D2DAEB10018E222 /* searching.json */ = {isa = PBXFileReference; lastKnownFileType = text.json; path = searching.json; sourceTree = "<group>"; };
		777824862D2DAEB10018E222 /* success.json */ = {isa = PBXFileReference; lastKnownFileType = text.json; path = success.json; sourceTree = "<group>"; };
		777824882D2DAEB10018E222 /* AezakmiBluetoothAppApp.swift */ = {isa = PBXFileReference; lastKnownFileType = sourcecode.swift; path = AezakmiBluetoothAppApp.swift; sourceTree = "<group>"; };
		777824892D2DAEB10018E222 /* Assets.xcassets */ = {isa = PBXFileReference; lastKnownFileType = folder.assetcatalog; path = Assets.xcassets; sourceTree = "<group>"; };
		7778248B2D2DAEB10018E222 /* Info.plist */ = {isa = PBXFileReference; lastKnownFileType = text.plist.xml; path = Info.plist; sourceTree = "<group>"; };
		91C86C97B77FA5F84EE35C86 /* Pods-AezakmiBluetoothApp.release.xcconfig */ = {isa = PBXFileReference; includeInIndex = 1; lastKnownFileType = text.xcconfig; name = "Pods-AezakmiBluetoothApp.release.xcconfig"; path = "Target Support Files/Pods-AezakmiBluetoothApp/Pods-AezakmiBluetoothApp.release.xcconfig"; sourceTree = "<group>"; };
/* End PBXFileReference section */

/* Begin PBXFrameworksBuildPhase section */
		7774C24C2D2BFFD700B61B98 /* Frameworks */ = {
			isa = PBXFrameworksBuildPhase;
			buildActionMask = 2147483647;
			files = (
				737355D05340C83F583A0D41 /* Pods_AezakmiBluetoothApp.framework in Frameworks */,
			);
			runOnlyForDeploymentPostprocessing = 0;
		};
/* End PBXFrameworksBuildPhase section */

/* Begin PBXGroup section */
		7774C2462D2BFFD700B61B98 = {
			isa = PBXGroup;
			children = (
				7778248C2D2DAEB10018E222 /* AezakmiBluetoothApp */,
				7774C2502D2BFFD700B61B98 /* Products */,
				BE7122F806F739D29502DA7A /* Pods */,
				C9192E78BEAD95211E77C9DE /* Frameworks */,
			);
			sourceTree = "<group>";
		};
		7774C2502D2BFFD700B61B98 /* Products */ = {
			isa = PBXGroup;
			children = (
				7774C24F2D2BFFD700B61B98 /* AezakmiBluetoothApp.app */,
			);
			name = Products;
			sourceTree = "<group>";
		};
		777824652D2DAEB10018E222 /* Components */ = {
			isa = PBXGroup;
			children = (
				777824642D2DAEB10018E222 /* LottieView.swift */,
			);
			path = Components;
			sourceTree = "<group>";
		};
		777824672D2DAEB10018E222 /* DetailScreen */ = {
			isa = PBXGroup;
			children = (
				777824662D2DAEB10018E222 /* DetailView.swift */,
			);
			path = DetailScreen;
			sourceTree = "<group>";
		};
		777824692D2DAEB10018E222 /* Models */ = {
			isa = PBXGroup;
			children = (
				777824682D2DAEB10018E222 /* SearchSeans.swift */,
			);
			path = Models;
			sourceTree = "<group>";
		};
		7778246B2D2DAEB10018E222 /* SeanceView */ = {
			isa = PBXGroup;
			children = (
				7778246A2D2DAEB10018E222 /* SeanceScreen.swift */,
			);
			path = SeanceView;
			sourceTree = "<group>";
		};
		7778246D2D2DAEB10018E222 /* View */ = {
			isa = PBXGroup;
			children = (
				7778246C2D2DAEB10018E222 /* HistoryView.swift */,
			);
			path = View;
			sourceTree = "<group>";
		};
		7778246F2D2DAEB10018E222 /* ViewModel */ = {
			isa = PBXGroup;
			children = (
				7778246E2D2DAEB10018E222 /* HistoryViewModel.swift */,
			);
			path = ViewModel;
			sourceTree = "<group>";
		};
		777824702D2DAEB10018E222 /* HistoryScreen */ = {
			isa = PBXGroup;
			children = (
				777824692D2DAEB10018E222 /* Models */,
				7778246B2D2DAEB10018E222 /* SeanceView */,
				7778246D2D2DAEB10018E222 /* View */,
				7778246F2D2DAEB10018E222 /* ViewModel */,
			);
			path = HistoryScreen;
			sourceTree = "<group>";
		};
		777824722D2DAEB10018E222 /* Models */ = {
			isa = PBXGroup;
			children = (
				777824712D2DAEB10018E222 /* BluetoothDevice.swift */,
			);
			path = Models;
			sourceTree = "<group>";
		};
		777824742D2DAEB10018E222 /* View */ = {
			isa = PBXGroup;
			children = (
				777824732D2DAEB10018E222 /* MainView.swift */,
			);
			path = View;
			sourceTree = "<group>";
		};
		777824762D2DAEB10018E222 /* ViewModel */ = {
			isa = PBXGroup;
			children = (
				777824752D2DAEB10018E222 /* MainViewModel.swift */,
			);
			path = ViewModel;
			sourceTree = "<group>";
		};
		777824772D2DAEB10018E222 /* MainScreen */ = {
			isa = PBXGroup;
			children = (
				777824722D2DAEB10018E222 /* Models */,
				777824742D2DAEB10018E222 /* View */,
				777824762D2DAEB10018E222 /* ViewModel */,
			);
			path = MainScreen;
			sourceTree = "<group>";
		};
		777824792D2DAEB10018E222 /* SplashScreen */ = {
			isa = PBXGroup;
			children = (
				777824782D2DAEB10018E222 /* SplashView.swift */,
			);
			path = SplashScreen;
			sourceTree = "<group>";
		};
		7778247A2D2DAEB10018E222 /* Core */ = {
			isa = PBXGroup;
			children = (
				777824672D2DAEB10018E222 /* DetailScreen */,
				777824702D2DAEB10018E222 /* HistoryScreen */,
				777824772D2DAEB10018E222 /* MainScreen */,
				777824792D2DAEB10018E222 /* SplashScreen */,
			);
			path = Core;
			sourceTree = "<group>";
		};
		7778247C2D2DAEB10018E222 /* Models */ = {
			isa = PBXGroup;
			children = (
				7778247B2D2DAEB10018E222 /* SearchSeansRealm.swift */,
			);
			path = Models;
			sourceTree = "<group>";
		};
		7778247E2D2DAEB10018E222 /* Realm */ = {
			isa = PBXGroup;
			children = (
				7778247C2D2DAEB10018E222 /* Models */,
				7778247D2D2DAEB10018E222 /* RealmManager.swift */,
			);
			path = Realm;
			sourceTree = "<group>";
		};
		7778247F2D2DAEB10018E222 /* DataManagers */ = {
			isa = PBXGroup;
			children = (
				7778247E2D2DAEB10018E222 /* Realm */,
			);
			path = DataManagers;
			sourceTree = "<group>";
		};
		777824812D2DAEB10018E222 /* Preview Content */ = {
			isa = PBXGroup;
			children = (
				777824802D2DAEB10018E222 /* Preview Assets.xcassets */,
			);
			path = "Preview Content";
			sourceTree = "<group>";
		};
		777824872D2DAEB10018E222 /* Animation */ = {
			isa = PBXGroup;
			children = (
				777824822D2DAEB10018E222 /* devices.json */,
				777824832D2DAEB10018E222 /* error.json */,
				777824842D2DAEB10018E222 /* launch.json */,
				777824852D2DAEB10018E222 /* searching.json */,
				777824862D2DAEB10018E222 /* success.json */,
			);
			path = Animation;
			sourceTree = "<group>";
		};
		7778248A2D2DAEB10018E222 /* Resources */ = {
			isa = PBXGroup;
			children = (
				777824872D2DAEB10018E222 /* Animation */,
				777824882D2DAEB10018E222 /* AezakmiBluetoothAppApp.swift */,
				777824892D2DAEB10018E222 /* Assets.xcassets */,
			);
			path = Resources;
			sourceTree = "<group>";
		};
		7778248C2D2DAEB10018E222 /* AezakmiBluetoothApp */ = {
			isa = PBXGroup;
			children = (
				777824652D2DAEB10018E222 /* Components */,
				7778247A2D2DAEB10018E222 /* Core */,
				7778247F2D2DAEB10018E222 /* DataManagers */,
				777824812D2DAEB10018E222 /* Preview Content */,
				7778248A2D2DAEB10018E222 /* Resources */,
				7778248B2D2DAEB10018E222 /* Info.plist */,
			);
			path = AezakmiBluetoothApp;
			sourceTree = "<group>";
		};
		BE7122F806F739D29502DA7A /* Pods */ = {
			isa = PBXGroup;
			children = (
				1AE46B26FB535448B604BB2A /* Pods-AezakmiBluetoothApp.debug.xcconfig */,
				91C86C97B77FA5F84EE35C86 /* Pods-AezakmiBluetoothApp.release.xcconfig */,
			);
			path = Pods;
			sourceTree = "<group>";
		};
		C9192E78BEAD95211E77C9DE /* Frameworks */ = {
			isa = PBXGroup;
			children = (
				6DA16A6D496ABD9519D9695A /* Pods_AezakmiBluetoothApp.framework */,
			);
			name = Frameworks;
			sourceTree = "<group>";
		};
/* End PBXGroup section */

/* Begin PBXNativeTarget section */
		7774C24E2D2BFFD700B61B98 /* AezakmiBluetoothApp */ = {
			isa = PBXNativeTarget;
			buildConfigurationList = 7774C25D2D2BFFD900B61B98 /* Build configuration list for PBXNativeTarget "AezakmiBluetoothApp" */;
			buildPhases = (
				9F9644A1FCF3722B26CB87C4 /* [CP] Check Pods Manifest.lock */,
				7774C24B2D2BFFD700B61B98 /* Sources */,
				7774C24C2D2BFFD700B61B98 /* Frameworks */,
				7774C24D2D2BFFD700B61B98 /* Resources */,
				AA0BA7C5EE13DB0342C4DC71 /* [CP] Embed Pods Frameworks */,
			);
			buildRules = (
			);
			dependencies = (
			);
			name = AezakmiBluetoothApp;
			productName = AezakmiBluetoothApp;
			productReference = 7774C24F2D2BFFD700B61B98 /* AezakmiBluetoothApp.app */;
			productType = "com.apple.product-type.application";
		};
/* End PBXNativeTarget section */

/* Begin PBXProject section */
		7774C2472D2BFFD700B61B98 /* Project object */ = {
			isa = PBXProject;
			attributes = {
				BuildIndependentTargetsInParallel = 1;
				LastSwiftUpdateCheck = 1610;
				LastUpgradeCheck = 1610;
				TargetAttributes = {
					7774C24E2D2BFFD700B61B98 = {
						CreatedOnToolsVersion = 16.1;
					};
				};
			};
			buildConfigurationList = 7774C24A2D2BFFD700B61B98 /* Build configuration list for PBXProject "AezakmiBluetoothApp" */;
			developmentRegion = en;
			hasScannedForEncodings = 0;
			knownRegions = (
				en,
				Base,
			);
			mainGroup = 7774C2462D2BFFD700B61B98;
			minimizedProjectReferenceProxies = 1;
			preferredProjectObjectVersion = 77;
			productRefGroup = 7774C2502D2BFFD700B61B98 /* Products */;
			projectDirPath = "";
			projectRoot = "";
			targets = (
				7774C24E2D2BFFD700B61B98 /* AezakmiBluetoothApp */,
			);
		};
/* End PBXProject section */

/* Begin PBXResourcesBuildPhase section */
		7774C24D2D2BFFD700B61B98 /* Resources */ = {
			isa = PBXResourcesBuildPhase;
			buildActionMask = 2147483647;
			files = (
				7778249A2D2DAEB10018E222 /* Preview Assets.xcassets in Resources */,
				7778249B2D2DAEB10018E222 /* devices.json in Resources */,
				7778249C2D2DAEB10018E222 /* error.json in Resources */,
				7778249D2D2DAEB10018E222 /* launch.json in Resources */,
				7778249E2D2DAEB10018E222 /* searching.json in Resources */,
				7778249F2D2DAEB10018E222 /* success.json in Resources */,
				777824A02D2DAEB10018E222 /* Assets.xcassets in Resources */,
			);
			runOnlyForDeploymentPostprocessing = 0;
		};
/* End PBXResourcesBuildPhase section */

/* Begin PBXShellScriptBuildPhase section */
		9F9644A1FCF3722B26CB87C4 /* [CP] Check Pods Manifest.lock */ = {
			isa = PBXShellScriptBuildPhase;
			buildActionMask = 2147483647;
			files = (
			);
			inputFileListPaths = (
			);
			inputPaths = (
				"${PODS_PODFILE_DIR_PATH}/Podfile.lock",
				"${PODS_ROOT}/Manifest.lock",
			);
			name = "[CP] Check Pods Manifest.lock";
			outputFileListPaths = (
			);
			outputPaths = (
				"$(DERIVED_FILE_DIR)/Pods-AezakmiBluetoothApp-checkManifestLockResult.txt",
			);
			runOnlyForDeploymentPostprocessing = 0;
			shellPath = /bin/sh;
			shellScript = "diff \"${PODS_PODFILE_DIR_PATH}/Podfile.lock\" \"${PODS_ROOT}/Manifest.lock\" > /dev/null\nif [ $? != 0 ] ; then\n    # print error to STDERR\n    echo \"error: The sandbox is not in sync with the Podfile.lock. Run 'pod install' or update your CocoaPods installation.\" >&2\n    exit 1\nfi\n# This output is used by Xcode 'outputs' to avoid re-running this script phase.\necho \"SUCCESS\" > \"${SCRIPT_OUTPUT_FILE_0}\"\n";
			showEnvVarsInLog = 0;
		};
		AA0BA7C5EE13DB0342C4DC71 /* [CP] Embed Pods Frameworks */ = {
			isa = PBXShellScriptBuildPhase;
			buildActionMask = 2147483647;
			files = (
			);
			inputFileListPaths = (
				"${PODS_ROOT}/Target Support Files/Pods-AezakmiBluetoothApp/Pods-AezakmiBluetoothApp-frameworks-${CONFIGURATION}-input-files.xcfilelist",
			);
			name = "[CP] Embed Pods Frameworks";
			outputFileListPaths = (
				"${PODS_ROOT}/Target Support Files/Pods-AezakmiBluetoothApp/Pods-AezakmiBluetoothApp-frameworks-${CONFIGURATION}-output-files.xcfilelist",
			);
			runOnlyForDeploymentPostprocessing = 0;
			shellPath = /bin/sh;
			shellScript = "\"${PODS_ROOT}/Target Support Files/Pods-AezakmiBluetoothApp/Pods-AezakmiBluetoothApp-frameworks.sh\"\n";
			showEnvVarsInLog = 0;
		};
/* End PBXShellScriptBuildPhase section */

/* Begin PBXSourcesBuildPhase section */
		7774C24B2D2BFFD700B61B98 /* Sources */ = {
			isa = PBXSourcesBuildPhase;
			buildActionMask = 2147483647;
			files = (
				7778248D2D2DAEB10018E222 /* LottieView.swift in Sources */,
				7778248E2D2DAEB10018E222 /* DetailView.swift in Sources */,
				7778248F2D2DAEB10018E222 /* SearchSeans.swift in Sources */,
				777824902D2DAEB10018E222 /* SeanceScreen.swift in Sources */,
				777824912D2DAEB10018E222 /* HistoryView.swift in Sources */,
				777824922D2DAEB10018E222 /* HistoryViewModel.swift in Sources */,
				777824932D2DAEB10018E222 /* BluetoothDevice.swift in Sources */,
				777824942D2DAEB10018E222 /* MainView.swift in Sources */,
				777824952D2DAEB10018E222 /* MainViewModel.swift in Sources */,
				777824962D2DAEB10018E222 /* SplashView.swift in Sources */,
				777824972D2DAEB10018E222 /* SearchSeansRealm.swift in Sources */,
				777824982D2DAEB10018E222 /* RealmManager.swift in Sources */,
				777824992D2DAEB10018E222 /* AezakmiBluetoothAppApp.swift in Sources */,
			);
			runOnlyForDeploymentPostprocessing = 0;
		};
/* End PBXSourcesBuildPhase section */

/* Begin XCBuildConfiguration section */
		7774C25B2D2BFFD900B61B98 /* Debug */ = {
			isa = XCBuildConfiguration;
			buildSettings = {
				ALWAYS_SEARCH_USER_PATHS = NO;
				ASSETCATALOG_COMPILER_GENERATE_SWIFT_ASSET_SYMBOL_EXTENSIONS = YES;
				CLANG_ANALYZER_NONNULL = YES;
				CLANG_ANALYZER_NUMBER_OBJECT_CONVERSION = YES_AGGRESSIVE;
				CLANG_CXX_LANGUAGE_STANDARD = "gnu++20";
				CLANG_ENABLE_MODULES = YES;
				CLANG_ENABLE_OBJC_ARC = YES;
				CLANG_ENABLE_OBJC_WEAK = YES;
				CLANG_WARN_BLOCK_CAPTURE_AUTORELEASING = YES;
				CLANG_WARN_BOOL_CONVERSION = YES;
				CLANG_WARN_COMMA = YES;
				CLANG_WARN_CONSTANT_CONVERSION = YES;
				CLANG_WARN_DEPRECATED_OBJC_IMPLEMENTATIONS = YES;
				CLANG_WARN_DIRECT_OBJC_ISA_USAGE = YES_ERROR;
				CLANG_WARN_DOCUMENTATION_COMMENTS = YES;
				CLANG_WARN_EMPTY_BODY = YES;
				CLANG_WARN_ENUM_CONVERSION = YES;
				CLANG_WARN_INFINITE_RECURSION = YES;
				CLANG_WARN_INT_CONVERSION = YES;
				CLANG_WARN_NON_LITERAL_NULL_CONVERSION = YES;
				CLANG_WARN_OBJC_IMPLICIT_RETAIN_SELF = YES;
				CLANG_WARN_OBJC_LITERAL_CONVERSION = YES;
				CLANG_WARN_OBJC_ROOT_CLASS = YES_ERROR;
				CLANG_WARN_QUOTED_INCLUDE_IN_FRAMEWORK_HEADER = YES;
				CLANG_WARN_RANGE_LOOP_ANALYSIS = YES;
				CLANG_WARN_STRICT_PROTOTYPES = YES;
				CLANG_WARN_SUSPICIOUS_MOVE = YES;
				CLANG_WARN_UNGUARDED_AVAILABILITY = YES_AGGRESSIVE;
				CLANG_WARN_UNREACHABLE_CODE = YES;
				CLANG_WARN__DUPLICATE_METHOD_MATCH = YES;
				COPY_PHASE_STRIP = NO;
				DEBUG_INFORMATION_FORMAT = dwarf;
				ENABLE_STRICT_OBJC_MSGSEND = YES;
				ENABLE_TESTABILITY = YES;
				ENABLE_USER_SCRIPT_SANDBOXING = YES;
				GCC_C_LANGUAGE_STANDARD = gnu17;
				GCC_DYNAMIC_NO_PIC = NO;
				GCC_NO_COMMON_BLOCKS = YES;
				GCC_OPTIMIZATION_LEVEL = 0;
				GCC_PREPROCESSOR_DEFINITIONS = (
					"DEBUG=1",
					"$(inherited)",
				);
				GCC_WARN_64_TO_32_BIT_CONVERSION = YES;
				GCC_WARN_ABOUT_RETURN_TYPE = YES_ERROR;
				GCC_WARN_UNDECLARED_SELECTOR = YES;
				GCC_WARN_UNINITIALIZED_AUTOS = YES_AGGRESSIVE;
				GCC_WARN_UNUSED_FUNCTION = YES;
				GCC_WARN_UNUSED_VARIABLE = YES;
				IPHONEOS_DEPLOYMENT_TARGET = 18.1;
				LOCALIZATION_PREFERS_STRING_CATALOGS = YES;
				MTL_ENABLE_DEBUG_INFO = INCLUDE_SOURCE;
				MTL_FAST_MATH = YES;
				ONLY_ACTIVE_ARCH = YES;
				SDKROOT = iphoneos;
				SWIFT_ACTIVE_COMPILATION_CONDITIONS = "DEBUG $(inherited)";
				SWIFT_OPTIMIZATION_LEVEL = "-Onone";
			};
			name = Debug;
		};
		7774C25C2D2BFFD900B61B98 /* Release */ = {
			isa = XCBuildConfiguration;
			buildSettings = {
				ALWAYS_SEARCH_USER_PATHS = NO;
				ASSETCATALOG_COMPILER_GENERATE_SWIFT_ASSET_SYMBOL_EXTENSIONS = YES;
				CLANG_ANALYZER_NONNULL = YES;
				CLANG_ANALYZER_NUMBER_OBJECT_CONVERSION = YES_AGGRESSIVE;
				CLANG_CXX_LANGUAGE_STANDARD = "gnu++20";
				CLANG_ENABLE_MODULES = YES;
				CLANG_ENABLE_OBJC_ARC = YES;
				CLANG_ENABLE_OBJC_WEAK = YES;
				CLANG_WARN_BLOCK_CAPTURE_AUTORELEASING = YES;
				CLANG_WARN_BOOL_CONVERSION = YES;
				CLANG_WARN_COMMA = YES;
				CLANG_WARN_CONSTANT_CONVERSION = YES;
				CLANG_WARN_DEPRECATED_OBJC_IMPLEMENTATIONS = YES;
				CLANG_WARN_DIRECT_OBJC_ISA_USAGE = YES_ERROR;
				CLANG_WARN_DOCUMENTATION_COMMENTS = YES;
				CLANG_WARN_EMPTY_BODY = YES;
				CLANG_WARN_ENUM_CONVERSION = YES;
				CLANG_WARN_INFINITE_RECURSION = YES;
				CLANG_WARN_INT_CONVERSION = YES;
				CLANG_WARN_NON_LITERAL_NULL_CONVERSION = YES;
				CLANG_WARN_OBJC_IMPLICIT_RETAIN_SELF = YES;
				CLANG_WARN_OBJC_LITERAL_CONVERSION = YES;
				CLANG_WARN_OBJC_ROOT_CLASS = YES_ERROR;
				CLANG_WARN_QUOTED_INCLUDE_IN_FRAMEWORK_HEADER = YES;
				CLANG_WARN_RANGE_LOOP_ANALYSIS = YES;
				CLANG_WARN_STRICT_PROTOTYPES = YES;
				CLANG_WARN_SUSPICIOUS_MOVE = YES;
				CLANG_WARN_UNGUARDED_AVAILABILITY = YES_AGGRESSIVE;
				CLANG_WARN_UNREACHABLE_CODE = YES;
				CLANG_WARN__DUPLICATE_METHOD_MATCH = YES;
				COPY_PHASE_STRIP = NO;
				DEBUG_INFORMATION_FORMAT = "dwarf-with-dsym";
				ENABLE_NS_ASSERTIONS = NO;
				ENABLE_STRICT_OBJC_MSGSEND = YES;
				ENABLE_USER_SCRIPT_SANDBOXING = YES;
				GCC_C_LANGUAGE_STANDARD = gnu17;
				GCC_NO_COMMON_BLOCKS = YES;
				GCC_WARN_64_TO_32_BIT_CONVERSION = YES;
				GCC_WARN_ABOUT_RETURN_TYPE = YES_ERROR;
				GCC_WARN_UNDECLARED_SELECTOR = YES;
				GCC_WARN_UNINITIALIZED_AUTOS = YES_AGGRESSIVE;
				GCC_WARN_UNUSED_FUNCTION = YES;
				GCC_WARN_UNUSED_VARIABLE = YES;
				IPHONEOS_DEPLOYMENT_TARGET = 18.1;
				LOCALIZATION_PREFERS_STRING_CATALOGS = YES;
				MTL_ENABLE_DEBUG_INFO = NO;
				MTL_FAST_MATH = YES;
				SDKROOT = iphoneos;
				SWIFT_COMPILATION_MODE = wholemodule;
				VALIDATE_PRODUCT = YES;
			};
			name = Release;
		};
		7774C25E2D2BFFD900B61B98 /* Debug */ = {
			isa = XCBuildConfiguration;
			baseConfigurationReference = 1AE46B26FB535448B604BB2A /* Pods-AezakmiBluetoothApp.debug.xcconfig */;
			buildSettings = {
				ASSETCATALOG_COMPILER_APPICON_NAME = AppIcon;
				ASSETCATALOG_COMPILER_GLOBAL_ACCENT_COLOR_NAME = AccentColor;
				CODE_SIGN_STYLE = Automatic;
				CURRENT_PROJECT_VERSION = 1;
				DEVELOPMENT_ASSET_PATHS = "\"AezakmiBluetoothApp/Preview Content\"";
				DEVELOPMENT_TEAM = RPXJGA4ZYB;
				ENABLE_PREVIEWS = YES;
				ENABLE_USER_SCRIPT_SANDBOXING = NO;
				GENERATE_INFOPLIST_FILE = YES;
				INFOPLIST_FILE = AezakmiBluetoothApp/Info.plist;
				INFOPLIST_KEY_NSBluetoothAlwaysUsageDescription = "Give acces to check all device !";
				INFOPLIST_KEY_NSBluetoothPeripheralUsageDescription = "We need acces to peripherals";
				INFOPLIST_KEY_UIApplicationSceneManifest_Generation = YES;
				INFOPLIST_KEY_UIApplicationSupportsIndirectInputEvents = YES;
				INFOPLIST_KEY_UILaunchScreen_Generation = YES;
				INFOPLIST_KEY_UISupportedInterfaceOrientations_iPad = "UIInterfaceOrientationPortrait UIInterfaceOrientationPortraitUpsideDown UIInterfaceOrientationLandscapeLeft UIInterfaceOrientationLandscapeRight";
				INFOPLIST_KEY_UISupportedInterfaceOrientations_iPhone = "UIInterfaceOrientationPortrait UIInterfaceOrientationLandscapeLeft UIInterfaceOrientationLandscapeRight";
				IPHONEOS_DEPLOYMENT_TARGET = 15;
				LD_RUNPATH_SEARCH_PATHS = (
					"$(inherited)",
					"@executable_path/Frameworks",
				);
				MARKETING_VERSION = 1.0;
				PRODUCT_BUNDLE_IDENTIFIER = com.alikhan.AezakmiBluetoothApp;
				PRODUCT_NAME = "$(TARGET_NAME)";
				SWIFT_EMIT_LOC_STRINGS = YES;
				SWIFT_VERSION = 5.0;
				TARGETED_DEVICE_FAMILY = "1,2";
			};
			name = Debug;
		};
		7774C25F2D2BFFD900B61B98 /* Release */ = {
			isa = XCBuildConfiguration;
			baseConfigurationReference = 91C86C97B77FA5F84EE35C86 /* Pods-AezakmiBluetoothApp.release.xcconfig */;
			buildSettings = {
				ASSETCATALOG_COMPILER_APPICON_NAME = AppIcon;
				ASSETCATALOG_COMPILER_GLOBAL_ACCENT_COLOR_NAME = AccentColor;
				CODE_SIGN_STYLE = Automatic;
				CURRENT_PROJECT_VERSION = 1;
				DEVELOPMENT_ASSET_PATHS = "\"AezakmiBluetoothApp/Preview Content\"";
				DEVELOPMENT_TEAM = RPXJGA4ZYB;
				ENABLE_PREVIEWS = YES;
				ENABLE_USER_SCRIPT_SANDBOXING = NO;
				GENERATE_INFOPLIST_FILE = YES;
				INFOPLIST_FILE = AezakmiBluetoothApp/Info.plist;
				INFOPLIST_KEY_NSBluetoothAlwaysUsageDescription = "Give acces to check all device !";
				INFOPLIST_KEY_NSBluetoothPeripheralUsageDescription = "We need acces to peripherals";
				INFOPLIST_KEY_UIApplicationSceneManifest_Generation = YES;
				INFOPLIST_KEY_UIApplicationSupportsIndirectInputEvents = YES;
				INFOPLIST_KEY_UILaunchScreen_Generation = YES;
				INFOPLIST_KEY_UISupportedInterfaceOrientations_iPad = "UIInterfaceOrientationPortrait UIInterfaceOrientationPortraitUpsideDown UIInterfaceOrientationLandscapeLeft UIInterfaceOrientationLandscapeRight";
				INFOPLIST_KEY_UISupportedInterfaceOrientations_iPhone = "UIInterfaceOrientationPortrait UIInterfaceOrientationLandscapeLeft UIInterfaceOrientationLandscapeRight";
				IPHONEOS_DEPLOYMENT_TARGET = 15;
				LD_RUNPATH_SEARCH_PATHS = (
					"$(inherited)",
					"@executable_path/Frameworks",
				);
				MARKETING_VERSION = 1.0;
				PRODUCT_BUNDLE_IDENTIFIER = com.alikhan.AezakmiBluetoothApp;
				PRODUCT_NAME = "$(TARGET_NAME)";
				SWIFT_EMIT_LOC_STRINGS = YES;
				SWIFT_VERSION = 5.0;
				TARGETED_DEVICE_FAMILY = "1,2";
			};
			name = Release;
		};
/* End XCBuildConfiguration section */

/* Begin XCConfigurationList section */
		7774C24A2D2BFFD700B61B98 /* Build configuration list for PBXProject "AezakmiBluetoothApp" */ = {
			isa = XCConfigurationList;
			buildConfigurations = (
				7774C25B2D2BFFD900B61B98 /* Debug */,
				7774C25C2D2BFFD900B61B98 /* Release */,
			);
			defaultConfigurationIsVisible = 0;
			defaultConfigurationName = Release;
		};
		7774C25D2D2BFFD900B61B98 /* Build configuration list for PBXNativeTarget "AezakmiBluetoothApp" */ = {
			isa = XCConfigurationList;
			buildConfigurations = (
				7774C25E2D2BFFD900B61B98 /* Debug */,
				7774C25F2D2BFFD900B61B98 /* Release */,
			);
			defaultConfigurationIsVisible = 0;
			defaultConfigurationName = Release;
		};
/* End XCConfigurationList section */
	};
	rootObject = 7774C2472D2BFFD700B61B98 /* Project object */;
}
